{
  "name": "discovery",
  "version": "1.0.0",
  "lockfileVersion": 1,
  "requires": true,
  "dependencies": {
    "bencode": {
      "version": "1.0.0",
      "resolved": "https://registry.npmjs.org/bencode/-/bencode-1.0.0.tgz",
      "integrity": "sha512-N+VOSP5MkoX+xgnp6Y056iCY5TmCZg9rgPNPQe0bIiXchxYFP4vs/Tf0dTdQ+qQhP7HM2gvfFq+sUVjQsGy5Zw==",
      "requires": {
        "safe-buffer": "5.1.1"
      }
    },
    "bittorrent-dht": {
      "version": "7.6.0",
      "resolved": "https://registry.npmjs.org/bittorrent-dht/-/bittorrent-dht-7.6.0.tgz",
      "integrity": "sha512-KinBmIQo4wL742f+4QjMjRHrW6GzDLUeeO+JK5dcGWyOeSKhkPQ7wditN/h0hK88wYjatIAYOC1fEU/WUI3ecw==",
      "requires": {
        "bencode": "1.0.0",
        "buffer-equals": "1.0.4",
        "debug": "2.6.9",
        "inherits": "2.0.3",
        "k-bucket": "3.3.0",
        "k-rpc": "4.1.0",
        "lru": "3.1.0",
        "safe-buffer": "5.1.1"
      }
    },
    "buffer-equals": {
      "version": "1.0.4",
      "resolved": "https://registry.npmjs.org/buffer-equals/-/buffer-equals-1.0.4.tgz",
      "integrity": "sha1-A1O1T9B/2VZBcGca5vZrnPENJ/U="
    },
    "buffer-indexof": {
      "version": "1.1.1",
      "resolved": "https://registry.npmjs.org/buffer-indexof/-/buffer-indexof-1.1.1.tgz",
      "integrity": "sha512-4/rOEg86jivtPTeOUUT61jJO1Ya1TrR/OkqCSZDyq84WJh3LuuiphBYJN+fm5xufIk4XAFcEwte/8WzC8If/1g=="
    },
    "connections": {
      "version": "1.4.2",
      "resolved": "https://registry.npmjs.org/connections/-/connections-1.4.2.tgz",
      "integrity": "sha1-eJBIK/XHGvbFyhkr4xNq7XRCiq0="
    },
    "core-util-is": {
      "version": "1.0.2",
      "resolved": "https://registry.npmjs.org/core-util-is/-/core-util-is-1.0.2.tgz",
      "integrity": "sha1-tf1UIgqivFq1eqtxQMlAdUUDwac=",
      "optional": true
    },
    "debug": {
      "version": "2.6.9",
      "resolved": "https://registry.npmjs.org/debug/-/debug-2.6.9.tgz",
      "integrity": "sha512-bC7ElrdJaJnPbAP+1EotYvqZsb3ecl5wi6Bfi6BJTUcNowp6cvspg0jXznRTKDjm/E7AdgFBVeAPVMNcKGsHMA==",
      "requires": {
        "ms": "2.0.0"
      }
    },
    "discovery-channel": {
      "version": "5.4.5",
      "resolved": "https://registry.npmjs.org/discovery-channel/-/discovery-channel-5.4.5.tgz",
      "integrity": "sha1-/n/al+20oxG5tjEwLj+VBmx49xI=",
      "requires": {
        "bittorrent-dht": "7.6.0",
        "debug": "2.6.9",
        "dns-discovery": "5.6.1",
        "pretty-hash": "1.0.1",
        "thunky": "0.1.0"
      }
    },
    "discovery-swarm": {
      "version": "4.4.2",
      "resolved": "https://registry.npmjs.org/discovery-swarm/-/discovery-swarm-4.4.2.tgz",
      "integrity": "sha1-XTFgpGAZ5Q6HQZV2XffWAe5VqBM=",
      "requires": {
        "buffer-equals": "1.0.4",
        "connections": "1.4.2",
        "debug": "2.6.9",
        "discovery-channel": "5.4.5",
        "length-prefixed-message": "3.0.3",
        "pump": "1.0.2",
        "to-buffer": "1.1.0",
        "utp-native": "1.5.4"
      }
    },
    "dns-discovery": {
      "version": "5.6.1",
      "resolved": "https://registry.npmjs.org/dns-discovery/-/dns-discovery-5.6.1.tgz",
      "integrity": "sha512-r27fv3lDuZXCqmb5b04tV2aDxVbwVJaSyPzwPlOYCUbk9F7JvsY+n7EBfY2Z952bGx5TZt3SLQ+ELFjfqyLVoA==",
      "requires": {
        "debug": "2.6.9",
        "dns-socket": "1.6.2",
        "dns-txt": "2.0.2",
        "lru": "2.0.1",
        "minimist": "1.2.0",
        "multicast-dns": "6.1.1",
        "network-address": "1.1.2",
        "unordered-set": "1.1.0"
      },
      "dependencies": {
        "lru": {
          "version": "2.0.1",
          "resolved": "https://registry.npmjs.org/lru/-/lru-2.0.1.tgz",
          "integrity": "sha1-+XmHHhYuP1yiVL5GhExT1MU2RUQ=",
          "requires": {
            "inherits": "2.0.3"
          }
        }
      }
    },
    "dns-packet": {
      "version": "1.2.2",
      "resolved": "https://registry.npmjs.org/dns-packet/-/dns-packet-1.2.2.tgz",
      "integrity": "sha512-kN+DjfGF7dJGUL7nWRktL9Z18t1rWP3aQlyZdY8XlpvU3Nc6GeFTQApftcjtWKxAZfiggZSGrCEoszNgvnpwDg==",
      "requires": {
        "ip": "1.1.5",
        "safe-buffer": "5.1.1"
      }
    },
    "dns-socket": {
      "version": "1.6.2",
      "resolved": "https://registry.npmjs.org/dns-socket/-/dns-socket-1.6.2.tgz",
      "integrity": "sha512-Ztbaf5fToBfm/4+sVEJi7mT2mJOLYYpI+TpgOhxwp5l28UwunTpHMccVhTe9L0F6pQ2cUF0ja9ukuTCtzYq2Ig==",
      "requires": {
        "dns-packet": "1.2.2"
      }
    },
    "dns-txt": {
      "version": "2.0.2",
      "resolved": "https://registry.npmjs.org/dns-txt/-/dns-txt-2.0.2.tgz",
      "integrity": "sha1-uR2Ab10nGI5Ks+fRB9iBocxGQrY=",
      "requires": {
        "buffer-indexof": "1.1.1"
      }
    },
    "end-of-stream": {
      "version": "1.4.0",
      "resolved": "https://registry.npmjs.org/end-of-stream/-/end-of-stream-1.4.0.tgz",
      "integrity": "sha1-epDYM+/abPpurA9JSduw+tOmMgY=",
      "requires": {
        "once": "1.4.0"
      }
    },
    "inherits": {
      "version": "2.0.3",
      "resolved": "https://registry.npmjs.org/inherits/-/inherits-2.0.3.tgz",
      "integrity": "sha1-Yzwsg+PaQqUC9SRmAiSA9CCCYd4="
    },
    "ip": {
      "version": "1.1.5",
      "resolved": "https://registry.npmjs.org/ip/-/ip-1.1.5.tgz",
      "integrity": "sha1-vd7XARQpCCjAoDnnLvJfWq7ENUo="
    },
    "isarray": {
      "version": "1.0.0",
      "resolved": "https://registry.npmjs.org/isarray/-/isarray-1.0.0.tgz",
      "integrity": "sha1-u5NdSFgsuhaMBoNJV6VKPgcSTxE=",
      "optional": true
    },
    "k-bucket": {
      "version": "3.3.0",
      "resolved": "https://registry.npmjs.org/k-bucket/-/k-bucket-3.3.0.tgz",
      "integrity": "sha512-WIAQ54LfNjzt4viUIEVnXo9cr7ALS9Yocg+USLoiO89Uvbf9hz0OBtqmfzSr49kT3vbnhlzFfsJHFQ0xnp7LbA==",
      "requires": {
        "buffer-equals": "1.0.4",
        "inherits": "2.0.3",
        "randombytes": "2.0.5"
      }
    },
    "k-rpc": {
      "version": "4.1.0",
      "resolved": "https://registry.npmjs.org/k-rpc/-/k-rpc-4.1.0.tgz",
      "integrity": "sha512-Qvetvl34ZXrOWDXMMeP/WQMN3/ep3SASGxcJhUZLgQb1U7VA+/SzwxhDi9KRZWBEqrU0FUWr/yqLP44TfzSwzw==",
      "requires": {
        "buffer-equals": "1.0.4",
        "k-bucket": "3.3.0",
        "k-rpc-socket": "1.7.1",
        "safe-buffer": "5.1.1"
      }
    },
    "k-rpc-socket": {
      "version": "1.7.1",
      "resolved": "https://registry.npmjs.org/k-rpc-socket/-/k-rpc-socket-1.7.1.tgz",
      "integrity": "sha512-FmHDmrT6sIs2MM/uMYW0Jmjd01wk2NxzPd6+9iH7onvutqhWXZ8PoZ9p/mVS58SQILC7jKZacC72V5QNkvAXew==",
      "requires": {
        "bencode": "1.0.0",
        "safe-buffer": "5.1.1"
      }
    },
    "length-prefixed-message": {
      "version": "3.0.3",
      "resolved": "https://registry.npmjs.org/length-prefixed-message/-/length-prefixed-message-3.0.3.tgz",
      "integrity": "sha1-JFR01pq8BhTco2jcNaqAdJgqI6w=",
      "requires": {
        "varint": "3.0.1"
      }
    },
    "lru": {
      "version": "3.1.0",
      "resolved": "https://registry.npmjs.org/lru/-/lru-3.1.0.tgz",
      "integrity": "sha1-6n+4VG2DczOWoTCR12z+tMBoN9U=",
      "requires": {
        "inherits": "2.0.3"
      }
    },
    "minimist": {
      "version": "1.2.0",
      "resolved": "https://registry.npmjs.org/minimist/-/minimist-1.2.0.tgz",
      "integrity": "sha1-o1AIsg9BOD7sH7kU9M1d95omQoQ="
    },
    "ms": {
      "version": "2.0.0",
      "resolved": "https://registry.npmjs.org/ms/-/ms-2.0.0.tgz",
      "integrity": "sha1-VgiurfwAvmwpAd9fmGF4jeDVl8g="
    },
    "multicast-dns": {
      "version": "6.1.1",
      "resolved": "https://registry.npmjs.org/multicast-dns/-/multicast-dns-6.1.1.tgz",
      "integrity": "sha1-bn3oalcIcqsXBYrepxYLvsqBTd4=",
      "requires": {
        "dns-packet": "1.2.2",
        "thunky": "0.1.0"
      }
    },
    "nan": {
      "version": "2.7.0",
      "resolved": "https://registry.npmjs.org/nan/-/nan-2.7.0.tgz",
      "integrity": "sha1-2Vv3IeyHfgjbJ27T/G63j5CDrUY=",
      "optional": true
    },
    "network-address": {
      "version": "1.1.2",
      "resolved": "https://registry.npmjs.org/network-address/-/network-address-1.1.2.tgz",
      "integrity": "sha1-Sqe/1D8D8LgclwKxPWqFjdsybz4="
    },
    "node-gyp-build": {
      "version": "3.2.2",
      "resolved": "https://registry.npmjs.org/node-gyp-build/-/node-gyp-build-3.2.2.tgz",
      "integrity": "sha512-t8W/0UqFGl1c+5ORA3NoT3npU+PxWBL9iPhY7ZySSTszodj3RWexmu8niayWBE0v+0DLARvOXsjaAvfmSEQOyQ==",
      "optional": true
    },
    "once": {
      "version": "1.4.0",
      "resolved": "https://registry.npmjs.org/once/-/once-1.4.0.tgz",
      "integrity": "sha1-WDsap3WWHUsROsF9nFC6753Xa9E=",
      "requires": {
        "wrappy": "1.0.2"
      }
    },
    "pretty-hash": {
      "version": "1.0.1",
      "resolved": "https://registry.npmjs.org/pretty-hash/-/pretty-hash-1.0.1.tgz",
      "integrity": "sha1-FuBXkYje9WvbVliSvNBaXWUySAc="
    },
    "process-nextick-args": {
      "version": "1.0.7",
      "resolved": "https://registry.npmjs.org/process-nextick-args/-/process-nextick-args-1.0.7.tgz",
      "integrity": "sha1-FQ4gt1ZZCtP5EJPyWk8q2L/zC6M=",
      "optional": true
    },
    "pump": {
      "version": "1.0.2",
      "resolved": "https://registry.npmjs.org/pump/-/pump-1.0.2.tgz",
      "integrity": "sha1-Oz7mUS+U8OV1U4wXmV+fFpkKXVE=",
      "requires": {
        "end-of-stream": "1.4.0",
        "once": "1.4.0"
      }
    },
    "randombytes": {
      "version": "2.0.5",
      "resolved": "https://registry.npmjs.org/randombytes/-/randombytes-2.0.5.tgz",
      "integrity": "sha512-8T7Zn1AhMsQ/HI1SjcCfT/t4ii3eAqco3yOcSzS4mozsOz69lHLsoMXmF9nZgnFanYscnSlUSgs8uZyKzpE6kg==",
      "requires": {
        "safe-buffer": "5.1.1"
      }
    },
    "readable-stream": {
      "version": "2.3.3",
      "resolved": "https://registry.npmjs.org/readable-stream/-/readable-stream-2.3.3.tgz",
      "integrity": "sha512-m+qzzcn7KUxEmd1gMbchF+Y2eIUbieUaxkWtptyHywrX0rE8QEYqPC07Vuy4Wm32/xE16NcdBctb8S0Xe/5IeQ==",
      "optional": true,
      "requires": {
        "core-util-is": "1.0.2",
        "inherits": "2.0.3",
        "isarray": "1.0.0",
        "process-nextick-args": "1.0.7",
        "safe-buffer": "5.1.1",
        "string_decoder": "1.0.3",
        "util-deprecate": "1.0.2"
      }
    },
    "safe-buffer": {
      "version": "5.1.1",
      "resolved": "https://registry.npmjs.org/safe-buffer/-/safe-buffer-5.1.1.tgz",
      "integrity": "sha512-kKvNJn6Mm93gAczWVJg7wH+wGYWNrDHdWvpUmHyEsgCtIwwo3bqPtV4tR5tuPaUhTOo/kvhVwd8XwwOllGYkbg=="
    },
    "string_decoder": {
      "version": "1.0.3",
      "resolved": "https://registry.npmjs.org/string_decoder/-/string_decoder-1.0.3.tgz",
      "integrity": "sha512-4AH6Z5fzNNBcH+6XDMfA/BTt87skxqJlO0lAh3Dker5zThcAxG6mKz+iGu308UKoPPQ8Dcqx/4JhujzltRa+hQ==",
      "optional": true,
      "requires": {
        "safe-buffer": "5.1.1"
      }
    },
    "thunky": {
      "version": "0.1.0",
      "resolved": "https://registry.npmjs.org/thunky/-/thunky-0.1.0.tgz",
      "integrity": "sha1-vzAUaCTituZ7Dy16Ssi+smkIaE4="
    },
    "to-buffer": {
      "version": "1.1.0",
      "resolved": "https://registry.npmjs.org/to-buffer/-/to-buffer-1.1.0.tgz",
      "integrity": "sha1-N1vAPtrlw1qPoLP+laHzmF2x3Po="
    },
    "unordered-set": {
      "version": "1.1.0",
      "resolved": "https://registry.npmjs.org/unordered-set/-/unordered-set-1.1.0.tgz",
      "integrity": "sha1-K6fvMW7dC5WQzFR8dPdqLxZP7Mo="
    },
    "util-deprecate": {
      "version": "1.0.2",
      "resolved": "https://registry.npmjs.org/util-deprecate/-/util-deprecate-1.0.2.tgz",
      "integrity": "sha1-RQ1Nyfpw3nMnYvvS1KKJgUGaDM8=",
      "optional": true
    },
    "utp-native": {
      "version": "1.5.4",
      "resolved": "https://registry.npmjs.org/utp-native/-/utp-native-1.5.4.tgz",
      "integrity": "sha512-cOzS0kJlMC9LScG9Rl0W6j4y8DimC1ZQQniNwJuUKwnCwuBG3jj3tTYjudTCmEGZoGnYrRTf8MZ0IrTL4hls2w==",
      "optional": true,
      "requires": {
        "nan": "2.7.0",
        "node-gyp-build": "3.2.2",
        "readable-stream": "2.3.3"
      }
    },
    "varint": {
      "version": "3.0.1",
      "resolved": "https://registry.npmjs.org/varint/-/varint-3.0.1.tgz",
      "integrity": "sha1-nT9T4DbAqxIACnS8LSTL8JOlgdk="
    },
    "wrappy": {
      "version": "1.0.2",
      "resolved": "https://registry.npmjs.org/wrappy/-/wrappy-1.0.2.tgz",
      "integrity": "sha1-tSQ9jz7BqjXxNkYFvA0QNuMKtp8="
    }
  }
}
